
Microsoft Visual Studio Solution File, Format Version 12.00
# Visual Studio Version 17
VisualStudioVersion = 17.5.33424.131
MinimumVisualStudioVersion = 10.0.40219.1
Project("{2150E333-8FDC-42A3-9474-1A3956D46DE8}") = "src", "src", "{29C5894C-106E-40CC-BE1B-E77B0879ED33}"
EndProject
Project("{2150E333-8FDC-42A3-9474-1A3956D46DE8}") = "Board", "Board", "{9C62024D-67DB-49FF-92D1-C5EF6FC18328}"
EndProject
Project("{2150E333-8FDC-42A3-9474-1A3956D46DE8}") = "Common", "Common", "{D6994C12-D448-4777-9FF0-02E2B77692B0}"
EndProject
Project("{2150E333-8FDC-42A3-9474-1A3956D46DE8}") = "Application", "Application", "{41C24731-7392-4204-9EB3-BD87E2598382}"
EndProject
Project("{9A19103F-16F7-4668-BE54-9A1E7A4F7556}") = "Board.Application.AppData", "src\Board\Application\Board.Application.AppData\Board.Application.AppData.csproj", "{AE584552-FDEE-458A-A6EF-D7098E21D14D}"
EndProject
Project("{2150E333-8FDC-42A3-9474-1A3956D46DE8}") = "Domain", "Domain", "{61F70C0B-5BD8-4016-AC10-02B93D60199F}"
EndProject
Project("{2150E333-8FDC-42A3-9474-1A3956D46DE8}") = "Infrastructure", "Infrastructure", "{A4EEAE31-B9AB-4612-8F87-990ED252A7C0}"
EndProject
Project("{2150E333-8FDC-42A3-9474-1A3956D46DE8}") = "Contracts", "Contracts", "{251AB723-460F-4C4C-A75D-770C09F6B2A3}"
EndProject
Project("{2150E333-8FDC-42A3-9474-1A3956D46DE8}") = "Hosts", "Hosts", "{B5F38926-1B14-43D6-ACC2-405742B394A5}"
EndProject
Project("{9A19103F-16F7-4668-BE54-9A1E7A4F7556}") = "Board.Contracts", "src\Board\Contracts\Board.Contracts\Board.Contracts.csproj", "{1FEC4BC0-FC30-42CA-80CE-BFDDD2D15511}"
EndProject
Project("{9A19103F-16F7-4668-BE54-9A1E7A4F7556}") = "Board.Domain", "src\Board\Domain\Board.Domain\Board.Domain.csproj", "{588C0D53-EC52-45A9-B32B-AD002B393D8E}"
EndProject
Project("{9A19103F-16F7-4668-BE54-9A1E7A4F7556}") = "Board.Infrastructure", "src\Board\Infrastructure\Board.Infrastructure\Board.Infrastructure.csproj", "{4CEBB375-2795-4BCC-BEF9-3C7C7F3EF150}"
EndProject
Project("{9A19103F-16F7-4668-BE54-9A1E7A4F7556}") = "Board.Infrastructure.DataAccess", "src\Board\Infrastructure\Board.Infrastructure.DataAccess\Board.Infrastructure.DataAccess.csproj", "{49FD1509-B3FC-487C-AE5B-56DF85D35CB6}"
EndProject
Project("{9A19103F-16F7-4668-BE54-9A1E7A4F7556}") = "Board.Host.Api", "src\Board\Host\Board.Host.Api\Board.Host.Api.csproj", "{6B38A474-0AC4-4976-A0C0-941884F77A07}"
EndProject
Project("{9A19103F-16F7-4668-BE54-9A1E7A4F7556}") = "Board.Host.DbMigrator", "src\Board\Host\Board.Host.DbMigrator\Board.Host.DbMigrator.csproj", "{7B5B464E-3499-4B14-8788-8276F0B58EF2}"
EndProject
Project("{2150E333-8FDC-42A3-9474-1A3956D46DE8}") = "tests", "tests", "{FF3ED60F-D408-4AFB-95E3-F48DF8F895AC}"
EndProject
Project("{FAE04EC0-301F-11D3-BF4B-00C04F79EFBC}") = "Board.Tests", "src\Board\Tests\Board.Tests\Board.Tests.csproj", "{7A484BFA-7799-4B60-9A5C-5A3BDC6875BC}"
EndProject
Global
	GlobalSection(SolutionConfigurationPlatforms) = preSolution
		Debug|Any CPU = Debug|Any CPU
		Release|Any CPU = Release|Any CPU
	EndGlobalSection
	GlobalSection(ProjectConfigurationPlatforms) = postSolution
		{AE584552-FDEE-458A-A6EF-D7098E21D14D}.Debug|Any CPU.ActiveCfg = Debug|Any CPU
		{AE584552-FDEE-458A-A6EF-D7098E21D14D}.Debug|Any CPU.Build.0 = Debug|Any CPU
		{AE584552-FDEE-458A-A6EF-D7098E21D14D}.Release|Any CPU.ActiveCfg = Release|Any CPU
		{AE584552-FDEE-458A-A6EF-D7098E21D14D}.Release|Any CPU.Build.0 = Release|Any CPU
		{1FEC4BC0-FC30-42CA-80CE-BFDDD2D15511}.Debug|Any CPU.ActiveCfg = Debug|Any CPU
		{1FEC4BC0-FC30-42CA-80CE-BFDDD2D15511}.Debug|Any CPU.Build.0 = Debug|Any CPU
		{1FEC4BC0-FC30-42CA-80CE-BFDDD2D15511}.Release|Any CPU.ActiveCfg = Release|Any CPU
		{1FEC4BC0-FC30-42CA-80CE-BFDDD2D15511}.Release|Any CPU.Build.0 = Release|Any CPU
		{588C0D53-EC52-45A9-B32B-AD002B393D8E}.Debug|Any CPU.ActiveCfg = Debug|Any CPU
		{588C0D53-EC52-45A9-B32B-AD002B393D8E}.Debug|Any CPU.Build.0 = Debug|Any CPU
		{588C0D53-EC52-45A9-B32B-AD002B393D8E}.Release|Any CPU.ActiveCfg = Release|Any CPU
		{588C0D53-EC52-45A9-B32B-AD002B393D8E}.Release|Any CPU.Build.0 = Release|Any CPU
		{4CEBB375-2795-4BCC-BEF9-3C7C7F3EF150}.Debug|Any CPU.ActiveCfg = Debug|Any CPU
		{4CEBB375-2795-4BCC-BEF9-3C7C7F3EF150}.Debug|Any CPU.Build.0 = Debug|Any CPU
		{4CEBB375-2795-4BCC-BEF9-3C7C7F3EF150}.Release|Any CPU.ActiveCfg = Release|Any CPU
		{4CEBB375-2795-4BCC-BEF9-3C7C7F3EF150}.Release|Any CPU.Build.0 = Release|Any CPU
		{49FD1509-B3FC-487C-AE5B-56DF85D35CB6}.Debug|Any CPU.ActiveCfg = Debug|Any CPU
		{49FD1509-B3FC-487C-AE5B-56DF85D35CB6}.Debug|Any CPU.Build.0 = Debug|Any CPU
		{49FD1509-B3FC-487C-AE5B-56DF85D35CB6}.Release|Any CPU.ActiveCfg = Release|Any CPU
		{49FD1509-B3FC-487C-AE5B-56DF85D35CB6}.Release|Any CPU.Build.0 = Release|Any CPU
		{6B38A474-0AC4-4976-A0C0-941884F77A07}.Debug|Any CPU.ActiveCfg = Debug|Any CPU
		{6B38A474-0AC4-4976-A0C0-941884F77A07}.Debug|Any CPU.Build.0 = Debug|Any CPU
		{6B38A474-0AC4-4976-A0C0-941884F77A07}.Release|Any CPU.ActiveCfg = Release|Any CPU
		{6B38A474-0AC4-4976-A0C0-941884F77A07}.Release|Any CPU.Build.0 = Release|Any CPU
		{7B5B464E-3499-4B14-8788-8276F0B58EF2}.Debug|Any CPU.ActiveCfg = Debug|Any CPU
		{7B5B464E-3499-4B14-8788-8276F0B58EF2}.Debug|Any CPU.Build.0 = Debug|Any CPU
		{7B5B464E-3499-4B14-8788-8276F0B58EF2}.Release|Any CPU.ActiveCfg = Release|Any CPU
		{7B5B464E-3499-4B14-8788-8276F0B58EF2}.Release|Any CPU.Build.0 = Release|Any CPU
		{7A484BFA-7799-4B60-9A5C-5A3BDC6875BC}.Debug|Any CPU.ActiveCfg = Debug|Any CPU
		{7A484BFA-7799-4B60-9A5C-5A3BDC6875BC}.Debug|Any CPU.Build.0 = Debug|Any CPU
		{7A484BFA-7799-4B60-9A5C-5A3BDC6875BC}.Release|Any CPU.ActiveCfg = Release|Any CPU
		{7A484BFA-7799-4B60-9A5C-5A3BDC6875BC}.Release|Any CPU.Build.0 = Release|Any CPU
	EndGlobalSection
	GlobalSection(SolutionProperties) = preSolution
		HideSolutionNode = FALSE
	EndGlobalSection
	GlobalSection(NestedProjects) = preSolution
		{9C62024D-67DB-49FF-92D1-C5EF6FC18328} = {29C5894C-106E-40CC-BE1B-E77B0879ED33}
		{D6994C12-D448-4777-9FF0-02E2B77692B0} = {29C5894C-106E-40CC-BE1B-E77B0879ED33}
		{41C24731-7392-4204-9EB3-BD87E2598382} = {9C62024D-67DB-49FF-92D1-C5EF6FC18328}
		{AE584552-FDEE-458A-A6EF-D7098E21D14D} = {41C24731-7392-4204-9EB3-BD87E2598382}
		{61F70C0B-5BD8-4016-AC10-02B93D60199F} = {9C62024D-67DB-49FF-92D1-C5EF6FC18328}
		{A4EEAE31-B9AB-4612-8F87-990ED252A7C0} = {9C62024D-67DB-49FF-92D1-C5EF6FC18328}
		{251AB723-460F-4C4C-A75D-770C09F6B2A3} = {9C62024D-67DB-49FF-92D1-C5EF6FC18328}
		{B5F38926-1B14-43D6-ACC2-405742B394A5} = {9C62024D-67DB-49FF-92D1-C5EF6FC18328}
		{1FEC4BC0-FC30-42CA-80CE-BFDDD2D15511} = {251AB723-460F-4C4C-A75D-770C09F6B2A3}
		{588C0D53-EC52-45A9-B32B-AD002B393D8E} = {61F70C0B-5BD8-4016-AC10-02B93D60199F}
		{4CEBB375-2795-4BCC-BEF9-3C7C7F3EF150} = {A4EEAE31-B9AB-4612-8F87-990ED252A7C0}
		{49FD1509-B3FC-487C-AE5B-56DF85D35CB6} = {A4EEAE31-B9AB-4612-8F87-990ED252A7C0}
		{6B38A474-0AC4-4976-A0C0-941884F77A07} = {B5F38926-1B14-43D6-ACC2-405742B394A5}
		{7B5B464E-3499-4B14-8788-8276F0B58EF2} = {B5F38926-1B14-43D6-ACC2-405742B394A5}
		{7A484BFA-7799-4B60-9A5C-5A3BDC6875BC} = {FF3ED60F-D408-4AFB-95E3-F48DF8F895AC}
	EndGlobalSection
	GlobalSection(ExtensibilityGlobals) = postSolution
		SolutionGuid = {FE46F8F5-5BAF-4281-9A62-31EC860D31A1}
	EndGlobalSection
EndGlobal
